// !$*UTF8*$!
{
  archiveVersion = 1;
  classes = {};
  objectVersion = 56;
  objects = {

/* Begin PBXBuildFile section */
    1D6058970D05DD3D006BFB54 /* main.swift in Sources */ = {isa = PBXBuildFile; fileRef = 1D6058920D05DD3D006BFB54 /* main.swift */; };
    1D6058980D05DD3D006BFB54 /* BridgeModels.swift in Sources */ = {isa = PBXBuildFile; fileRef = 1D6058930D05DD3D006BFB54 /* BridgeModels.swift */; };
/* End PBXBuildFile section */

/* Begin PBXFileReference section */
    1D6058920D05DD3D006BFB54 /* main.swift */ = {isa = PBXFileReference; lastKnownFileType = sourcecode.swift; path = main.swift; sourceTree = "<group>"; };
    1D6058930D05DD3D006BFB54 /* BridgeModels.swift */ = {isa = PBXFileReference; lastKnownFileType = sourcecode.swift; path = BridgeModels.swift; sourceTree = "<group>"; };
    1D6058940D05DD3D006BFB54 /* Info.plist */ = {isa = PBXFileReference; lastKnownFileType = text.plist.xml; path = Info.plist; sourceTree = "<group>"; };
    1D6058950D05DD3D006BFB54 /* HealthKitBridge.entitlements */ = {isa = PBXFileReference; lastKnownFileType = text.plist.entitlements; path = HealthKitBridge.entitlements; sourceTree = "<group>"; };
    1D6058960D05DD3D006BFB54 /* HealthKitBridge.app */ = {isa = PBXFileReference; explicitFileType = wrapper.application; includeInIndex = 0; path = HealthKitBridge.app; sourceTree = BUILT_PRODUCTS_DIR; };
/* End PBXFileReference section */

/* Begin PBXGroup section */
    1D60588D0D05DD3D006BFB54 = {
      isa = PBXGroup;
      children = (
        1D60588E0D05DD3D006BFB54 /* Products */,
        1D6058990D05DD3D006BFB54 /* HealthKitBridge */,
      );
      sourceTree = "<group>";
    };
    1D60588E0D05DD3D006BFB54 /* Products */ = {
      isa = PBXGroup;
      children = (
        1D6058960D05DD3D006BFB54 /* HealthKitBridge.app */,
      );
      name = Products;
      sourceTree = "<group>";
    };
    1D6058990D05DD3D006BFB54 /* HealthKitBridge */ = {
      isa = PBXGroup;
      children = (
        1D6058920D05DD3D006BFB54 /* main.swift */,
        1D6058930D05DD3D006BFB54 /* BridgeModels.swift */,
        1D6058940D05DD3D006BFB54 /* Info.plist */,
        1D6058950D05DD3D006BFB54 /* HealthKitBridge.entitlements */,
      );
      path = Sources/HealthKitBridge;
      sourceTree = SOURCE_ROOT;
    };
/* End PBXGroup section */

/* Begin PBXNativeTarget section */
    1D6058910D05DD3D006BFB54 /* HealthKitBridge */ = {
      isa = PBXNativeTarget;
      buildConfigurationList = 1D60589B0D05DD3D006BFB54 /* Build configuration list for PBXNativeTarget "HealthKitBridge" */;
      buildPhases = (
        1D60589C0D05DD3D006BFB54 /* Sources */,
        1D60589D0D05DD3D006BFB54 /* Frameworks */,
        1D60589E0D05DD3D006BFB54 /* Resources */,
      );
      buildRules = (
      );
      dependencies = (
      );
      name = HealthKitBridge;
      productName = HealthKitBridge;
      productReference = 1D6058960D05DD3D006BFB54 /* HealthKitBridge.app */;
      productType = "com.apple.product-type.application";
    };
/* End PBXNativeTarget section */

/* Begin PBXProject section */
    1D60588F0D05DD3D006BFB54 /* Project object */ = {
      isa = PBXProject;
      attributes = {
        LastSwiftUpdateCheck = 2630;
        LastUpgradeCheck = 2630;
        TargetAttributes = {
          1D6058910D05DD3D006BFB54 = {
            CreatedOnToolsVersion = 26.3;
          };
        };
      };
      buildConfigurationList = 1D60589A0D05DD3D006BFB54 /* Build configuration list for PBXProject "HealthKitBridge" */;
      compatibilityVersion = "Xcode 17.0";
      developmentRegion = en;
      hasScannedForEncodings = 0;
      knownRegions = (
        en,
        Base,
      );
      mainGroup = 1D60588D0D05DD3D006BFB54;
      productRefGroup = 1D60588E0D05DD3D006BFB54 /* Products */;
      projectDirPath = "";
      projectRoot = "";
      targets = (
        1D6058910D05DD3D006BFB54 /* HealthKitBridge */,
      );
    };
/* End PBXProject section */

/* Begin PBXResourcesBuildPhase section */
    1D60589E0D05DD3D006BFB54 /* Resources */ = {
      isa = PBXResourcesBuildPhase;
      buildActionMask = 2147483647;
      files = (
      );
      runOnlyForDeploymentPostprocessing = 0;
    };
/* End PBXResourcesBuildPhase section */

/* Begin PBXSourcesBuildPhase section */
    1D60589C0D05DD3D006BFB54 /* Sources */ = {
      isa = PBXSourcesBuildPhase;
      buildActionMask = 2147483647;
      files = (
        1D6058970D05DD3D006BFB54 /* main.swift in Sources */,
        1D6058980D05DD3D006BFB54 /* BridgeModels.swift in Sources */,
      );
      runOnlyForDeploymentPostprocessing = 0;
    };
/* End PBXSourcesBuildPhase section */

/* Begin PBXFrameworksBuildPhase section */
    1D60589D0D05DD3D006BFB54 /* Frameworks */ = {
      isa = PBXFrameworksBuildPhase;
      buildActionMask = 2147483647;
      files = (
      );
      runOnlyForDeploymentPostprocessing = 0;
    };
/* End PBXFrameworksBuildPhase section */

/* Begin XCBuildConfiguration section */
    1D60589F0D05DD3D006BFB54 /* Debug */ = {
      isa = XCBuildConfiguration;
      buildSettings = {
        ALWAYS_EMBED_SWIFT_STANDARD_LIBRARIES = YES;
        CODE_SIGN_ENTITLEMENTS = HealthKitBridge.entitlements;
        CODE_SIGN_STYLE = Automatic;
        GENERATE_INFOPLIST_FILE = NO;
        INFOPLIST_FILE = Info.plist;
        LD_RUNPATH_SEARCH_PATHS = (
          "$(inherited)",
          "@executable_path/../Frameworks",
        );
        MACOSX_DEPLOYMENT_TARGET = 13.0;
        PRODUCT_BUNDLE_IDENTIFIER = com.cowork.healthkitbridge;
        PRODUCT_NAME = HealthKitBridge;
        SDKROOT = macosx;
        SWIFT_EMIT_LOC_STRINGS = YES;
        SWIFT_VERSION = 5.0;
        TARGETED_DEVICE_FAMILY = 1;
        ENABLE_HARDENED_RUNTIME = YES;
      };
      name = Debug;
    };
    1D6058A00D05DD3D006BFB54 /* Release */ = {
      isa = XCBuildConfiguration;
      buildSettings = {
        ALWAYS_EMBED_SWIFT_STANDARD_LIBRARIES = YES;
        CODE_SIGN_ENTITLEMENTS = HealthKitBridge.entitlements;
        CODE_SIGN_STYLE = Automatic;
        GENERATE_INFOPLIST_FILE = NO;
        INFOPLIST_FILE = Info.plist;
        LD_RUNPATH_SEARCH_PATHS = (
          "$(inherited)",
          "@executable_path/../Frameworks",
        );
        MACOSX_DEPLOYMENT_TARGET = 13.0;
        PRODUCT_BUNDLE_IDENTIFIER = com.cowork.healthkitbridge;
        PRODUCT_NAME = HealthKitBridge;
        SDKROOT = macosx;
        SWIFT_EMIT_LOC_STRINGS = YES;
        SWIFT_VERSION = 5.0;
        TARGETED_DEVICE_FAMILY = 1;
        ENABLE_HARDENED_RUNTIME = YES;
        SWIFT_OPTIMIZATION_LEVEL = "-O";
      };
      name = Release;
    };
    1D6058A10D05DD3D006BFB54 /* Debug */ = {
      isa = XCBuildConfiguration;
      buildSettings = {
        ALWAYS_SEARCH_USER_PATHS = NO;
        CLANG_ENABLE_MODULES = YES;
        CLANG_ENABLE_OBJC_ARC = YES;
        COPY_PHASE_STRIP = NO;
        ENABLE_HARDENED_RUNTIME = YES;
        GENERATE_INFOPLIST_FILE = NO;
        INFOPLIST_FILE = Info.plist;
        MACOSX_DEPLOYMENT_TARGET = 13.0;
        PRODUCT_BUNDLE_IDENTIFIER = com.cowork.healthkitbridge;
        SDKROOT = macosx;
        SWIFT_VERSION = 5.0;
      };
      name = Debug;
    };
    1D6058A20D05DD3D006BFB54 /* Release */ = {
      isa = XCBuildConfiguration;
      buildSettings = {
        ALWAYS_SEARCH_USER_PATHS = NO;
        CLANG_ENABLE_MODULES = YES;
        CLANG_ENABLE_OBJC_ARC = YES;
        ENABLE_HARDENED_RUNTIME = YES;
        GENERATE_INFOPLIST_FILE = NO;
        INFOPLIST_FILE = Info.plist;
        MACOSX_DEPLOYMENT_TARGET = 13.0;
        PRODUCT_BUNDLE_IDENTIFIER = com.cowork.healthkitbridge;
        SDKROOT = macosx;
        SWIFT_VERSION = 5.0;
      };
      name = Release;
    };
/* End XCBuildConfiguration section */

/* Begin XCConfigurationList section */
    1D60589A0D05DD3D006BFB54 /* Build configuration list for PBXProject "HealthKitBridge" */ = {
      isa = XCConfigurationList;
      buildConfigurations = (
        1D6058A10D05DD3D006BFB54 /* Debug */,
        1D6058A20D05DD3D006BFB54 /* Release */,
      );
      defaultConfigurationIsVisible = 0;
      defaultConfigurationName = Release;
    };
    1D60589B0D05DD3D006BFB54 /* Build configuration list for PBXNativeTarget "HealthKitBridge" */ = {
      isa = XCConfigurationList;
      buildConfigurations = (
        1D60589F0D05DD3D006BFB54 /* Debug */,
        1D6058A00D05DD3D006BFB54 /* Release */,
      );
      defaultConfigurationIsVisible = 0;
      defaultConfigurationName = Release;
    };
/* End XCConfigurationList section */
  };
  rootObject = 1D60588F0D05DD3D006BFB54 /* Project object */;
}
